
Microsoft Visual Studio Solution File, Format Version 12.00
# Visual Studio Version 17
VisualStudioVersion = 17.0.31903.59
MinimumVisualStudioVersion = 10.0.40219.1
Project("{FAE04EC0-301F-11D3-BF4B-00C04F79EFBC}") = "BW_API", "BW_API\BW_API.csproj", "{25797876-1937-437B-BEBE-3E5AA8F13FA0}"
EndProject
Project("{FAE04EC0-301F-11D3-BF4B-00C04F79EFBC}") = "BW_Domain", "BW_Domain\BW_Domain.csproj", "{8A889C84-D088-452B-AA59-52193A963AC6}"
EndProject
Project("{FAE04EC0-301F-11D3-BF4B-00C04F79EFBC}") = "BW_Infraestructura", "BW_Infraestructura\BW_Infraestructura.csproj", "{CEAFCCF7-B67C-4948-85ED-6DFA47B9F26B}"
EndProject
Global
	GlobalSection(SolutionConfigurationPlatforms) = preSolution
		Debug|Any CPU = Debug|Any CPU
		Release|Any CPU = Release|Any CPU
	EndGlobalSection
	GlobalSection(SolutionProperties) = preSolution
		HideSolutionNode = FALSE
	EndGlobalSection
	GlobalSection(ProjectConfigurationPlatforms) = postSolution
		{25797876-1937-437B-BEBE-3E5AA8F13FA0}.Debug|Any CPU.ActiveCfg = Debug|Any CPU
		{25797876-1937-437B-BEBE-3E5AA8F13FA0}.Debug|Any CPU.Build.0 = Debug|Any CPU
		{25797876-1937-437B-BEBE-3E5AA8F13FA0}.Release|Any CPU.ActiveCfg = Release|Any CPU
		{25797876-1937-437B-BEBE-3E5AA8F13FA0}.Release|Any CPU.Build.0 = Release|Any CPU
		{8A889C84-D088-452B-AA59-52193A963AC6}.Debug|Any CPU.ActiveCfg = Debug|Any CPU
		{8A889C84-D088-452B-AA59-52193A963AC6}.Debug|Any CPU.Build.0 = Debug|Any CPU
		{8A889C84-D088-452B-AA59-52193A963AC6}.Release|Any CPU.ActiveCfg = Release|Any CPU
		{8A889C84-D088-452B-AA59-52193A963AC6}.Release|Any CPU.Build.0 = Release|Any CPU
		{CEAFCCF7-B67C-4948-85ED-6DFA47B9F26B}.Debug|Any CPU.ActiveCfg = Debug|Any CPU
		{CEAFCCF7-B67C-4948-85ED-6DFA47B9F26B}.Debug|Any CPU.Build.0 = Debug|Any CPU
		{CEAFCCF7-B67C-4948-85ED-6DFA47B9F26B}.Release|Any CPU.ActiveCfg = Release|Any CPU
		{CEAFCCF7-B67C-4948-85ED-6DFA47B9F26B}.Release|Any CPU.Build.0 = Release|Any CPU
	EndGlobalSection
EndGlobal
